
Microsoft Visual Studio Solution File, Format Version 12.00
# Visual Studio Version 16
VisualStudioVersion = 16.0.32602.291
MinimumVisualStudioVersion = 10.0.40219.1
Project("{FAE04EC0-301F-11D3-BF4B-00C04F79EFBC}") = "SimpleEDF", "SimpleEDF\SimpleEDF.csproj", "{0F5960AE-0826-4DDB-BF87-3700D1EBFD4E}"
EndProject
Global
	GlobalSection(SolutionConfigurationPlatforms) = preSolution
		Debug|Any CPU = Debug|Any CPU
		Release|Any CPU = Release|Any CPU
	EndGlobalSection
	GlobalSection(ProjectConfigurationPlatforms) = postSolution
		{0F5960AE-0826-4DDB-BF87-3700D1EBFD4E}.Debug|Any CPU.ActiveCfg = Debug|Any CPU
		{0F5960AE-0826-4DDB-BF87-3700D1EBFD4E}.Debug|Any CPU.Build.0 = Debug|Any CPU
		{0F5960AE-0826-4DDB-BF87-3700D1EBFD4E}.Release|Any CPU.ActiveCfg = Release|Any CPU
		{0F5960AE-0826-4DDB-BF87-3700D1EBFD4E}.Release|Any CPU.Build.0 = Release|Any CPU
	EndGlobalSection
	GlobalSection(SolutionProperties) = preSolution
		HideSolutionNode = FALSE
	EndGlobalSection
	GlobalSection(ExtensibilityGlobals) = postSolution
		SolutionGuid = {A98DF4D0-8ED1-410A-8EB5-0602515B070D}
	EndGlobalSection
EndGlobal
